
Microsoft Visual Studio Solution File, Format Version 12.00
# Visual Studio Version 17
VisualStudioVersion = 17.0.32014.148
MinimumVisualStudioVersion = 10.0.40219.1
Project("{FAE04EC0-301F-11D3-BF4B-00C04F79EFBC}") = "SchoolProject", "SchoolProject\SchoolProject.csproj", "{AF2A4275-02C5-42C5-842B-6FE3EB7BD7A8}"
EndProject
Global
	GlobalSection(SolutionConfigurationPlatforms) = preSolution
		Debug|Any CPU = Debug|Any CPU
		Release|Any CPU = Release|Any CPU
	EndGlobalSection
	GlobalSection(ProjectConfigurationPlatforms) = postSolution
		{AF2A4275-02C5-42C5-842B-6FE3EB7BD7A8}.Debug|Any CPU.ActiveCfg = Debug|Any CPU
		{AF2A4275-02C5-42C5-842B-6FE3EB7BD7A8}.Debug|Any CPU.Build.0 = Debug|Any CPU
		{AF2A4275-02C5-42C5-842B-6FE3EB7BD7A8}.Release|Any CPU.ActiveCfg = Release|Any CPU
		{AF2A4275-02C5-42C5-842B-6FE3EB7BD7A8}.Release|Any CPU.Build.0 = Release|Any CPU
	EndGlobalSection
	GlobalSection(SolutionProperties) = preSolution
		HideSolutionNode = FALSE
	EndGlobalSection
	GlobalSection(ExtensibilityGlobals) = postSolution
		SolutionGuid = {8176025F-161B-46C7-83F5-5B919072AA09}
	EndGlobalSection
EndGlobal
